
Microsoft Visual Studio Solution File, Format Version 12.00
# Visual Studio Version 17
VisualStudioVersion = 17.9.34723.18
MinimumVisualStudioVersion = 10.0.40219.1
Project("{9A19103F-16F7-4668-BE54-9A1E7A4F7556}") = "LTHDOtNetCore.ConsoleAPP", "LTHDOtNetCore.ConsoleAPP\LTHDOtNetCore.ConsoleAPP.csproj", "{A16A555C-919F-4D97-B1C0-4BF5E9A09522}"
EndProject
Project("{9A19103F-16F7-4668-BE54-9A1E7A4F7556}") = "LTHDOtNetCore.RestApi", "LTHDOtNetCore.RestApi\LTHDOtNetCore.RestApi.csproj", "{ACF7EFE4-879A-44A1-B929-5EA8D76CEBA8}"
EndProject
Project("{FAE04EC0-301F-11D3-BF4B-00C04F79EFBC}") = "LTHDOtNetCore.Shared", "LTHDOtNetCore.Shared\LTHDOtNetCore.Shared.csproj", "{7A9C1ADD-C0A5-4029-8227-72D8D45FF399}"
EndProject
Global
	GlobalSection(SolutionConfigurationPlatforms) = preSolution
		Debug|Any CPU = Debug|Any CPU
		Release|Any CPU = Release|Any CPU
	EndGlobalSection
	GlobalSection(ProjectConfigurationPlatforms) = postSolution
		{A16A555C-919F-4D97-B1C0-4BF5E9A09522}.Debug|Any CPU.ActiveCfg = Debug|Any CPU
		{A16A555C-919F-4D97-B1C0-4BF5E9A09522}.Debug|Any CPU.Build.0 = Debug|Any CPU
		{A16A555C-919F-4D97-B1C0-4BF5E9A09522}.Release|Any CPU.ActiveCfg = Release|Any CPU
		{A16A555C-919F-4D97-B1C0-4BF5E9A09522}.Release|Any CPU.Build.0 = Release|Any CPU
		{ACF7EFE4-879A-44A1-B929-5EA8D76CEBA8}.Debug|Any CPU.ActiveCfg = Debug|Any CPU
		{ACF7EFE4-879A-44A1-B929-5EA8D76CEBA8}.Debug|Any CPU.Build.0 = Debug|Any CPU
		{ACF7EFE4-879A-44A1-B929-5EA8D76CEBA8}.Release|Any CPU.ActiveCfg = Release|Any CPU
		{ACF7EFE4-879A-44A1-B929-5EA8D76CEBA8}.Release|Any CPU.Build.0 = Release|Any CPU
		{7A9C1ADD-C0A5-4029-8227-72D8D45FF399}.Debug|Any CPU.ActiveCfg = Debug|Any CPU
		{7A9C1ADD-C0A5-4029-8227-72D8D45FF399}.Debug|Any CPU.Build.0 = Debug|Any CPU
		{7A9C1ADD-C0A5-4029-8227-72D8D45FF399}.Release|Any CPU.ActiveCfg = Release|Any CPU
		{7A9C1ADD-C0A5-4029-8227-72D8D45FF399}.Release|Any CPU.Build.0 = Release|Any CPU
	EndGlobalSection
	GlobalSection(SolutionProperties) = preSolution
		HideSolutionNode = FALSE
	EndGlobalSection
	GlobalSection(ExtensibilityGlobals) = postSolution
		SolutionGuid = {D524DD66-34AC-423A-A3AA-171918D32E9D}
	EndGlobalSection
EndGlobal
