
Microsoft Visual Studio Solution File, Format Version 12.00
# Visual Studio Version 17
VisualStudioVersion = 17.9.34723.18
MinimumVisualStudioVersion = 10.0.40219.1
Project("{9A19103F-16F7-4668-BE54-9A1E7A4F7556}") = "LTHDOtNetCore.ConsoleAPP", "LTHDOtNetCore.ConsoleAPP\LTHDOtNetCore.ConsoleAPP.csproj", "{A16A555C-919F-4D97-B1C0-4BF5E9A09522}"
EndProject
Project("{9A19103F-16F7-4668-BE54-9A1E7A4F7556}") = "LTHDOtNetCore.RestApi", "LTHDOtNetCore.RestApi\LTHDOtNetCore.RestApi.csproj", "{ACF7EFE4-879A-44A1-B929-5EA8D76CEBA8}"
EndProject
Project("{9A19103F-16F7-4668-BE54-9A1E7A4F7556}") = "LTHDOtNetCore.Shared", "LTHDOtNetCore.Shared\LTHDOtNetCore.Shared.csproj", "{7A9C1ADD-C0A5-4029-8227-72D8D45FF399}"
EndProject
Project("{9A19103F-16F7-4668-BE54-9A1E7A4F7556}") = "LTHDOtNetCore.RestApiWithNLayer", "LTHDOtNetCore.RestApiWithNLayer\LTHDOtNetCore.RestApiWithNLayer.csproj", "{507385A9-F490-4D56-A0B4-0801A7925B7B}"
EndProject
Project("{9A19103F-16F7-4668-BE54-9A1E7A4F7556}") = "LTHDOtNetCore.ConsoleAppHttpClient", "LTHDOtNetCore.ConsoleAppHttpClient\LTHDOtNetCore.ConsoleAppHttpClient.csproj", "{A35E434A-B6B4-4792-8AA9-9DF26271B5A4}"
EndProject
Project("{9A19103F-16F7-4668-BE54-9A1E7A4F7556}") = "LTHDOtNetCore.ConsoleAppHttpClientExamples", "LTHDOtNetCore.ConsoleAppHttpClientExamples\LTHDOtNetCore.ConsoleAppHttpClientExamples.csproj", "{3739B81C-5271-4A5A-8EBA-0E8BE9B8AFBD}"
EndProject
Project("{9A19103F-16F7-4668-BE54-9A1E7A4F7556}") = "LTHDOtNetCore.ConsoleAppRestClientExamples", "LTHDOtNetCore.ConsoleAppRestClientExamples\LTHDOtNetCore.ConsoleAppRestClientExamples.csproj", "{219C4257-B257-4A44-ADF6-E216627909C5}"
EndProject
Project("{FAE04EC0-301F-11D3-BF4B-00C04F79EFBC}") = "LTHDOtNetCore.MyanmarProverbs", "LTHDOtNetCore.MyanmarProverbs\LTHDOtNetCore.MyanmarProverbs.csproj", "{511DB1B8-57FE-419C-B42C-B47DC045D839}"
EndProject
Global
	GlobalSection(SolutionConfigurationPlatforms) = preSolution
		Debug|Any CPU = Debug|Any CPU
		Release|Any CPU = Release|Any CPU
	EndGlobalSection
	GlobalSection(ProjectConfigurationPlatforms) = postSolution
		{A16A555C-919F-4D97-B1C0-4BF5E9A09522}.Debug|Any CPU.ActiveCfg = Debug|Any CPU
		{A16A555C-919F-4D97-B1C0-4BF5E9A09522}.Debug|Any CPU.Build.0 = Debug|Any CPU
		{A16A555C-919F-4D97-B1C0-4BF5E9A09522}.Release|Any CPU.ActiveCfg = Release|Any CPU
		{A16A555C-919F-4D97-B1C0-4BF5E9A09522}.Release|Any CPU.Build.0 = Release|Any CPU
		{ACF7EFE4-879A-44A1-B929-5EA8D76CEBA8}.Debug|Any CPU.ActiveCfg = Debug|Any CPU
		{ACF7EFE4-879A-44A1-B929-5EA8D76CEBA8}.Debug|Any CPU.Build.0 = Debug|Any CPU
		{ACF7EFE4-879A-44A1-B929-5EA8D76CEBA8}.Release|Any CPU.ActiveCfg = Release|Any CPU
		{ACF7EFE4-879A-44A1-B929-5EA8D76CEBA8}.Release|Any CPU.Build.0 = Release|Any CPU
		{7A9C1ADD-C0A5-4029-8227-72D8D45FF399}.Debug|Any CPU.ActiveCfg = Debug|Any CPU
		{7A9C1ADD-C0A5-4029-8227-72D8D45FF399}.Debug|Any CPU.Build.0 = Debug|Any CPU
		{7A9C1ADD-C0A5-4029-8227-72D8D45FF399}.Release|Any CPU.ActiveCfg = Release|Any CPU
		{7A9C1ADD-C0A5-4029-8227-72D8D45FF399}.Release|Any CPU.Build.0 = Release|Any CPU
		{507385A9-F490-4D56-A0B4-0801A7925B7B}.Debug|Any CPU.ActiveCfg = Debug|Any CPU
		{507385A9-F490-4D56-A0B4-0801A7925B7B}.Debug|Any CPU.Build.0 = Debug|Any CPU
		{507385A9-F490-4D56-A0B4-0801A7925B7B}.Release|Any CPU.ActiveCfg = Release|Any CPU
		{507385A9-F490-4D56-A0B4-0801A7925B7B}.Release|Any CPU.Build.0 = Release|Any CPU
		{A35E434A-B6B4-4792-8AA9-9DF26271B5A4}.Debug|Any CPU.ActiveCfg = Debug|Any CPU
		{A35E434A-B6B4-4792-8AA9-9DF26271B5A4}.Debug|Any CPU.Build.0 = Debug|Any CPU
		{A35E434A-B6B4-4792-8AA9-9DF26271B5A4}.Release|Any CPU.ActiveCfg = Release|Any CPU
		{A35E434A-B6B4-4792-8AA9-9DF26271B5A4}.Release|Any CPU.Build.0 = Release|Any CPU
		{3739B81C-5271-4A5A-8EBA-0E8BE9B8AFBD}.Debug|Any CPU.ActiveCfg = Debug|Any CPU
		{3739B81C-5271-4A5A-8EBA-0E8BE9B8AFBD}.Debug|Any CPU.Build.0 = Debug|Any CPU
		{3739B81C-5271-4A5A-8EBA-0E8BE9B8AFBD}.Release|Any CPU.ActiveCfg = Release|Any CPU
		{3739B81C-5271-4A5A-8EBA-0E8BE9B8AFBD}.Release|Any CPU.Build.0 = Release|Any CPU
		{219C4257-B257-4A44-ADF6-E216627909C5}.Debug|Any CPU.ActiveCfg = Debug|Any CPU
		{219C4257-B257-4A44-ADF6-E216627909C5}.Debug|Any CPU.Build.0 = Debug|Any CPU
		{219C4257-B257-4A44-ADF6-E216627909C5}.Release|Any CPU.ActiveCfg = Release|Any CPU
		{219C4257-B257-4A44-ADF6-E216627909C5}.Release|Any CPU.Build.0 = Release|Any CPU
		{511DB1B8-57FE-419C-B42C-B47DC045D839}.Debug|Any CPU.ActiveCfg = Debug|Any CPU
		{511DB1B8-57FE-419C-B42C-B47DC045D839}.Debug|Any CPU.Build.0 = Debug|Any CPU
		{511DB1B8-57FE-419C-B42C-B47DC045D839}.Release|Any CPU.ActiveCfg = Release|Any CPU
		{511DB1B8-57FE-419C-B42C-B47DC045D839}.Release|Any CPU.Build.0 = Release|Any CPU
	EndGlobalSection
	GlobalSection(SolutionProperties) = preSolution
		HideSolutionNode = FALSE
	EndGlobalSection
	GlobalSection(ExtensibilityGlobals) = postSolution
		SolutionGuid = {D524DD66-34AC-423A-A3AA-171918D32E9D}
	EndGlobalSection
EndGlobal
